
Microsoft Visual Studio Solution File, Format Version 12.00
# Visual Studio Version 16
VisualStudioVersion = 16.0.30002.166
MinimumVisualStudioVersion = 10.0.40219.1
Project("{FAE04EC0-301F-11D3-BF4B-00C04F79EFBC}") = "XFCovid19.Android", "XFCovid19\XFCovid19.Android\XFCovid19.Android.csproj", "{86245529-29CC-4916-BB50-B6FF97BAE32B}"
EndProject
Project("{FAE04EC0-301F-11D3-BF4B-00C04F79EFBC}") = "XFCovid19.iOS", "XFCovid19\XFCovid19.iOS\XFCovid19.iOS.csproj", "{1A3B65F2-4162-47BE-BF41-DE1D61BF8004}"
EndProject
Project("{FAE04EC0-301F-11D3-BF4B-00C04F79EFBC}") = "XFCovid19", "XFCovid19\XFCovid19\XFCovid19.csproj", "{77ACF03F-9B01-423F-AA82-51E6B3B4DA52}"
EndProject
Global
	GlobalSection(SolutionConfigurationPlatforms) = preSolution
		Debug|Any CPU = Debug|Any CPU
		Debug|iPhone = Debug|iPhone
		Debug|iPhoneSimulator = Debug|iPhoneSimulator
		Release|Any CPU = Release|Any CPU
		Release|iPhone = Release|iPhone
		Release|iPhoneSimulator = Release|iPhoneSimulator
	EndGlobalSection
	GlobalSection(ProjectConfigurationPlatforms) = postSolution
		{86245529-29CC-4916-BB50-B6FF97BAE32B}.Debug|Any CPU.ActiveCfg = Debug|Any CPU
		{86245529-29CC-4916-BB50-B6FF97BAE32B}.Debug|Any CPU.Build.0 = Debug|Any CPU
		{86245529-29CC-4916-BB50-B6FF97BAE32B}.Debug|Any CPU.Deploy.0 = Debug|Any CPU
		{86245529-29CC-4916-BB50-B6FF97BAE32B}.Debug|iPhone.ActiveCfg = Debug|Any CPU
		{86245529-29CC-4916-BB50-B6FF97BAE32B}.Debug|iPhone.Build.0 = Debug|Any CPU
		{86245529-29CC-4916-BB50-B6FF97BAE32B}.Debug|iPhone.Deploy.0 = Debug|Any CPU
		{86245529-29CC-4916-BB50-B6FF97BAE32B}.Debug|iPhoneSimulator.ActiveCfg = Debug|Any CPU
		{86245529-29CC-4916-BB50-B6FF97BAE32B}.Debug|iPhoneSimulator.Build.0 = Debug|Any CPU
		{86245529-29CC-4916-BB50-B6FF97BAE32B}.Debug|iPhoneSimulator.Deploy.0 = Debug|Any CPU
		{86245529-29CC-4916-BB50-B6FF97BAE32B}.Release|Any CPU.ActiveCfg = Release|Any CPU
		{86245529-29CC-4916-BB50-B6FF97BAE32B}.Release|Any CPU.Build.0 = Release|Any CPU
		{86245529-29CC-4916-BB50-B6FF97BAE32B}.Release|Any CPU.Deploy.0 = Release|Any CPU
		{86245529-29CC-4916-BB50-B6FF97BAE32B}.Release|iPhone.ActiveCfg = Release|Any CPU
		{86245529-29CC-4916-BB50-B6FF97BAE32B}.Release|iPhone.Build.0 = Release|Any CPU
		{86245529-29CC-4916-BB50-B6FF97BAE32B}.Release|iPhone.Deploy.0 = Release|Any CPU
		{86245529-29CC-4916-BB50-B6FF97BAE32B}.Release|iPhoneSimulator.ActiveCfg = Release|Any CPU
		{86245529-29CC-4916-BB50-B6FF97BAE32B}.Release|iPhoneSimulator.Build.0 = Release|Any CPU
		{86245529-29CC-4916-BB50-B6FF97BAE32B}.Release|iPhoneSimulator.Deploy.0 = Release|Any CPU
		{1A3B65F2-4162-47BE-BF41-DE1D61BF8004}.Debug|Any CPU.ActiveCfg = Debug|iPhone
		{1A3B65F2-4162-47BE-BF41-DE1D61BF8004}.Debug|Any CPU.Build.0 = Debug|iPhone
		{1A3B65F2-4162-47BE-BF41-DE1D61BF8004}.Debug|Any CPU.Deploy.0 = Debug|iPhone
		{1A3B65F2-4162-47BE-BF41-DE1D61BF8004}.Debug|iPhone.ActiveCfg = Debug|iPhone
		{1A3B65F2-4162-47BE-BF41-DE1D61BF8004}.Debug|iPhone.Build.0 = Debug|iPhone
		{1A3B65F2-4162-47BE-BF41-DE1D61BF8004}.Debug|iPhone.Deploy.0 = Debug|iPhone
		{1A3B65F2-4162-47BE-BF41-DE1D61BF8004}.Debug|iPhoneSimulator.ActiveCfg = Debug|iPhoneSimulator
		{1A3B65F2-4162-47BE-BF41-DE1D61BF8004}.Debug|iPhoneSimulator.Build.0 = Debug|iPhoneSimulator
		{1A3B65F2-4162-47BE-BF41-DE1D61BF8004}.Debug|iPhoneSimulator.Deploy.0 = Debug|iPhoneSimulator
		{1A3B65F2-4162-47BE-BF41-DE1D61BF8004}.Release|Any CPU.ActiveCfg = Release|iPhone
		{1A3B65F2-4162-47BE-BF41-DE1D61BF8004}.Release|Any CPU.Build.0 = Release|iPhone
		{1A3B65F2-4162-47BE-BF41-DE1D61BF8004}.Release|Any CPU.Deploy.0 = Release|iPhone
		{1A3B65F2-4162-47BE-BF41-DE1D61BF8004}.Release|iPhone.ActiveCfg = Release|iPhone
		{1A3B65F2-4162-47BE-BF41-DE1D61BF8004}.Release|iPhone.Build.0 = Release|iPhone
		{1A3B65F2-4162-47BE-BF41-DE1D61BF8004}.Release|iPhone.Deploy.0 = Release|iPhone
		{1A3B65F2-4162-47BE-BF41-DE1D61BF8004}.Release|iPhoneSimulator.ActiveCfg = Release|iPhoneSimulator
		{1A3B65F2-4162-47BE-BF41-DE1D61BF8004}.Release|iPhoneSimulator.Build.0 = Release|iPhoneSimulator
		{1A3B65F2-4162-47BE-BF41-DE1D61BF8004}.Release|iPhoneSimulator.Deploy.0 = Release|iPhoneSimulator
		{77ACF03F-9B01-423F-AA82-51E6B3B4DA52}.Debug|Any CPU.ActiveCfg = Debug|Any CPU
		{77ACF03F-9B01-423F-AA82-51E6B3B4DA52}.Debug|Any CPU.Build.0 = Debug|Any CPU
		{77ACF03F-9B01-423F-AA82-51E6B3B4DA52}.Debug|Any CPU.Deploy.0 = Debug|Any CPU
		{77ACF03F-9B01-423F-AA82-51E6B3B4DA52}.Debug|iPhone.ActiveCfg = Debug|Any CPU
		{77ACF03F-9B01-423F-AA82-51E6B3B4DA52}.Debug|iPhone.Build.0 = Debug|Any CPU
		{77ACF03F-9B01-423F-AA82-51E6B3B4DA52}.Debug|iPhone.Deploy.0 = Debug|Any CPU
		{77ACF03F-9B01-423F-AA82-51E6B3B4DA52}.Debug|iPhoneSimulator.ActiveCfg = Debug|Any CPU
		{77ACF03F-9B01-423F-AA82-51E6B3B4DA52}.Debug|iPhoneSimulator.Build.0 = Debug|Any CPU
		{77ACF03F-9B01-423F-AA82-51E6B3B4DA52}.Debug|iPhoneSimulator.Deploy.0 = Debug|Any CPU
		{77ACF03F-9B01-423F-AA82-51E6B3B4DA52}.Release|Any CPU.ActiveCfg = Release|Any CPU
		{77ACF03F-9B01-423F-AA82-51E6B3B4DA52}.Release|Any CPU.Build.0 = Release|Any CPU
		{77ACF03F-9B01-423F-AA82-51E6B3B4DA52}.Release|Any CPU.Deploy.0 = Release|Any CPU
		{77ACF03F-9B01-423F-AA82-51E6B3B4DA52}.Release|iPhone.ActiveCfg = Release|Any CPU
		{77ACF03F-9B01-423F-AA82-51E6B3B4DA52}.Release|iPhone.Build.0 = Release|Any CPU
		{77ACF03F-9B01-423F-AA82-51E6B3B4DA52}.Release|iPhone.Deploy.0 = Release|Any CPU
		{77ACF03F-9B01-423F-AA82-51E6B3B4DA52}.Release|iPhoneSimulator.ActiveCfg = Release|Any CPU
		{77ACF03F-9B01-423F-AA82-51E6B3B4DA52}.Release|iPhoneSimulator.Build.0 = Release|Any CPU
		{77ACF03F-9B01-423F-AA82-51E6B3B4DA52}.Release|iPhoneSimulator.Deploy.0 = Release|Any CPU
	EndGlobalSection
	GlobalSection(SolutionProperties) = preSolution
		HideSolutionNode = FALSE
	EndGlobalSection
	GlobalSection(ExtensibilityGlobals) = postSolution
		SolutionGuid = {D1E68C17-3F3D-41AE-A48A-9DC0F35DCFD4}
	EndGlobalSection
EndGlobal
